
Microsoft Visual Studio Solution File, Format Version 12.00
# Visual Studio Version 17
VisualStudioVersion = 17.1.32319.34
MinimumVisualStudioVersion = 10.0.40219.1
Project("{9A19103F-16F7-4668-BE54-9A1E7A4F7556}") = "WebApplication2", "WebApplication2\WebApplication2.csproj", "{14AF29C7-7C06-4725-BE4C-D002AB877080}"
EndProject
Global
	GlobalSection(SolutionConfigurationPlatforms) = preSolution
		Debug|Any CPU = Debug|Any CPU
		Release|Any CPU = Release|Any CPU
	EndGlobalSection
	GlobalSection(ProjectConfigurationPlatforms) = postSolution
		{14AF29C7-7C06-4725-BE4C-D002AB877080}.Debug|Any CPU.ActiveCfg = Debug|Any CPU
		{14AF29C7-7C06-4725-BE4C-D002AB877080}.Debug|Any CPU.Build.0 = Debug|Any CPU
		{14AF29C7-7C06-4725-BE4C-D002AB877080}.Release|Any CPU.ActiveCfg = Release|Any CPU
		{14AF29C7-7C06-4725-BE4C-D002AB877080}.Release|Any CPU.Build.0 = Release|Any CPU
	EndGlobalSection
	GlobalSection(SolutionProperties) = preSolution
		HideSolutionNode = FALSE
	EndGlobalSection
	GlobalSection(ExtensibilityGlobals) = postSolution
		SolutionGuid = {90C20615-348B-4F9E-B919-E66F87473BF1}
	EndGlobalSection
EndGlobal
